{
  "version": 4,
  "terraform_version": "1.7.1",
  "serial": 4,
  "lineage": "3ee5be41-e59f-2efc-f799-431adeabaf83",
  "outputs": {},
  "resources": [
    {
      "mode": "managed",
      "type": "solacebroker_msg_vpn",
      "name": "newone",
      "provider": "provider[\"registry.terraform.io/solaceproducts/solacebrokerappliance\"]",
      "instances": [
        {
          "schema_version": 0,
          "attributes": {
            "alias": null,
            "authentication_basic_enabled": true,
            "authentication_basic_profile_name": null,
            "authentication_basic_radius_domain": null,
            "authentication_basic_type": null,
            "authentication_client_cert_allow_api_provided_username_enabled": null,
            "authentication_client_cert_certificate_matching_rules_enabled": null,
            "authentication_client_cert_enabled": null,
            "authentication_client_cert_max_chain_depth": null,
            "authentication_client_cert_revocation_check_mode": null,
            "authentication_client_cert_username_source": null,
            "authentication_client_cert_validate_date_enabled": null,
            "authentication_kerberos_allow_api_provided_username_enabled": null,
            "authentication_kerberos_enabled": null,
            "authentication_oauth_default_profile_name": null,
            "authentication_oauth_enabled": null,
            "authorization_ldap_group_membership_attribute_name": null,
            "authorization_ldap_trim_client_username_domain_enabled": null,
            "authorization_profile_name": null,
            "authorization_type": null,
            "bridging_tls_server_cert_max_chain_depth": null,
            "bridging_tls_server_cert_validate_date_enabled": null,
            "bridging_tls_server_cert_validate_name_enabled": null,
            "deprecated1": null,
            "deprecated_att1": "deprecated",
            "dmr_enabled": null,
            "enabled": true,
            "event_connection_count_threshold": null,
            "event_egress_flow_count_threshold": null,
            "event_egress_msg_rate_threshold": {
              "clear_value": 40,
              "deprecated_att2": "deprecated",
              "set_value": 50
            },
            "event_endpoint_count_threshold": null,
            "event_ingress_flow_count_threshold": null,
            "event_ingress_msg_rate_threshold": {
              "clear_value": 40,
              "deprecated2": null,
              "set_value": 50
            },
            "event_large_msg_threshold": null,
            "event_log_tag": null,
            "event_msg_spool_usage_threshold": null,
            "event_publish_client_enabled": null,
            "event_publish_msg_vpn_enabled": null,
            "event_publish_subscription_mode": null,
            "event_publish_topic_format_mqtt_enabled": null,
            "event_publish_topic_format_smf_enabled": null,
            "event_service_amqp_connection_count_threshold": null,
            "event_service_mqtt_connection_count_threshold": null,
            "event_service_rest_incoming_connection_count_threshold": null,
            "event_service_smf_connection_count_threshold": null,
            "event_service_web_connection_count_threshold": null,
            "event_subscription_count_threshold": null,
            "event_transacted_session_count_threshold": null,
            "event_transaction_count_threshold": {
              "clear_percent": "20",
              "clear_value": null,
              "set_percent": 80,
              "set_value": null
            },
            "export_subscriptions_enabled": null,
            "jndi_enabled": true,
            "max_connection_count": null,
            "max_egress_flow_count": null,
            "max_endpoint_count": null,
            "max_ingress_flow_count": null,
            "max_kafka_broker_connection_count": null,
            "max_msg_spool_usage": null,
            "max_subscription_count": null,
            "max_transacted_session_count": null,
            "max_transaction_count": null,
            "mqtt_retain_max_memory": null,
            "msg_vpn_name": "new2",
            "replication_ack_propagation_interval_msg_count": null,
            "replication_bridge_authentication_basic_client_username": null,
            "replication_bridge_authentication_basic_password": null,
            "replication_bridge_authentication_client_cert_content": null,
            "replication_bridge_authentication_client_cert_password": null,
            "replication_bridge_authentication_scheme": null,
            "replication_bridge_compressed_data_enabled": null,
            "replication_bridge_egress_flow_window_size": null,
            "replication_bridge_retry_delay": null,
            "replication_bridge_tls_enabled": null,
            "replication_bridge_unidirectional_client_profile_name": null,
            "replication_enabled": null,
            "replication_enabled_queue_behavior": null,
            "replication_queue_max_msg_spool_usage": 60000,
            "replication_queue_reject_msg_to_sender_on_discard_enabled": false,
            "replication_reject_msg_when_sync_ineligible_enabled": null,
            "replication_role": null,
            "replication_transaction_mode": null,
            "rest_tls_server_cert_max_chain_depth": null,
            "rest_tls_server_cert_validate_date_enabled": null,
            "rest_tls_server_cert_validate_name_enabled": null,
            "semp_over_msg_bus_admin_client_enabled": null,
            "semp_over_msg_bus_admin_distributed_cache_enabled": null,
            "semp_over_msg_bus_admin_enabled": null,
            "semp_over_msg_bus_enabled": null,
            "semp_over_msg_bus_show_enabled": null,
            "service_amqp_max_connection_count": null,
            "service_amqp_plain_text_enabled": null,
            "service_amqp_plain_text_listen_port": null,
            "service_amqp_tls_enabled": null,
            "service_amqp_tls_listen_port": null,
            "service_mqtt_authentication_client_cert_request": null,
            "service_mqtt_max_connection_count": null,
            "service_mqtt_plain_text_enabled": null,
            "service_mqtt_plain_text_listen_port": null,
            "service_mqtt_tls_enabled": null,
            "service_mqtt_tls_listen_port": null,
            "service_mqtt_tls_web_socket_enabled": null,
            "service_mqtt_tls_web_socket_listen_port": null,
            "service_mqtt_web_socket_enabled": null,
            "service_mqtt_web_socket_listen_port": null,
            "service_rest_incoming_authentication_client_cert_request": null,
            "service_rest_incoming_authorization_header_handling": null,
            "service_rest_incoming_max_connection_count": null,
            "service_rest_incoming_plain_text_enabled": null,
            "service_rest_incoming_plain_text_listen_port": null,
            "service_rest_incoming_tls_enabled": null,
            "service_rest_incoming_tls_listen_port": null,
            "service_rest_mode": null,
            "service_rest_outgoing_max_connection_count": null,
            "service_smf_max_connection_count": null,
            "service_smf_plain_text_enabled": null,
            "service_smf_tls_enabled": null,
            "service_web_authentication_client_cert_request": null,
            "service_web_max_connection_count": null,
            "service_web_plain_text_enabled": null,
            "service_web_tls_enabled": null,
            "tls_allow_downgrade_to_plain_text_enabled": null
          },
          "sensitive_attributes": [],
          "private": "eyJkZWZhdWx0cyI6ImV5SmhkWFJvWlc1MGFXTmhkR2x2YmtKaGMybGpVSEp2Wm1sc1pVNWhiV1VpT2lKa1pXWmhkV3gwSWl3aWJXRjRRMjl1Ym1WamRHbHZia052ZFc1MElqb3hNREF3TENKdFlYaExZV1pyWVVKeWIydGxja052Ym01bFkzUnBiMjVEYjNWdWRDSTZNQ3dpYldGNFUzVmljMk55YVhCMGFXOXVRMjkxYm5RaU9qVXdNREF3TUN3aWJXRjRWSEpoYm5OaFkzUmxaRk5sYzNOcGIyNURiM1Z1ZENJNk1UQXdNQ3dpYldGNFZISmhibk5oWTNScGIyNURiM1Z1ZENJNk5UQXdNQ3dpYzJWeWRtbGpaVUZ0Y1hCTllYaERiMjV1WldOMGFXOXVRMjkxYm5RaU9qRXdNREFzSW5ObGNuWnBZMlZOY1hSMFRXRjRRMjl1Ym1WamRHbHZia052ZFc1MElqb3hNREF3TENKelpYSjJhV05sVW1WemRFbHVZMjl0YVc1blRXRjRRMjl1Ym1WamRHbHZia052ZFc1MElqb3hNREF3TENKelpYSjJhV05sVW1WemRFOTFkR2R2YVc1blRXRjRRMjl1Ym1WamRHbHZia052ZFc1MElqb3hNREF3TENKelpYSjJhV05sVTIxbVRXRjRRMjl1Ym1WamRHbHZia052ZFc1MElqb3hNREF3TENKelpYSjJhV05sVjJWaVRXRjRRMjl1Ym1WamRHbHZia052ZFc1MElqb3hNREF3ZlE9PSJ9"
        }
      ]
    },
    {
      "mode": "managed",
      "type": "solacebroker_msg_vpn_queue",
      "name": "q",
      "provider": "provider[\"registry.terraform.io/solaceproducts/solacebrokerappliance\"]",
      "instances": [
        {
          "schema_version": 0,
          "attributes": {
            "access_type": null,
            "consumer_ack_propagation_enabled": null,
            "dead_msg_queue": null,
            "delivery_count_enabled": null,
            "delivery_delay": null,
            "egress_enabled": "true",
            "event_bind_count_threshold": null,
            "event_msg_spool_usage_threshold": null,
            "event_reject_low_priority_msg_limit_threshold": null,
            "ingress_enabled": null,
            "max_bind_count": null,
            "max_delivered_unacked_msgs_per_flow": null,
            "max_msg_size": 54322,
            "max_msg_spool_usage": null,
            "max_redelivery_count": null,
            "max_ttl": null,
            "msg_vpn_name": "new2",
            "owner": null,
            "partition_count": null,
            "partition_rebalance_delay": null,
            "partition_rebalance_max_handoff_time": null,
            "permission": null,
            "queue_name": "aperfectly/$/valid/$topic/$$",
            "redelivery_delay_enabled": null,
            "redelivery_delay_initial_interval": null,
            "redelivery_delay_max_interval": null,
            "redelivery_delay_multiplier": null,
            "redelivery_enabled": null,
            "reject_low_priority_msg_enabled": null,
            "reject_low_priority_msg_limit": null,
            "reject_msg_to_sender_on_discard_behavior": null,
            "respect_msg_priority_enabled": null,
            "respect_ttl_enabled": null
          },
          "sensitive_attributes": [],
          "private": "eyJkZWZhdWx0cyI6ImUzMD0ifQ==",
          "dependencies": [
            "solacebroker_msg_vpn.newone"
          ]
        }
      ]
    },
    {
      "mode": "managed",
      "type": "solacebroker_msg_vpn_queue_subscription",
      "name": "foo",
      "provider": "provider[\"registry.terraform.io/solaceproducts/solacebrokerappliance\"]",
      "instances": [
        {
          "schema_version": 0,
          "attributes": {
            "msg_vpn_name": "new2",
            "queue_name": "aperfectly/$/valid/$topic/$$",
            "subscription_topic": "foo/bar"
          },
          "sensitive_attributes": [],
          "private": "eyJkZWZhdWx0cyI6ImUzMD0ifQ==",
          "dependencies": [
            "solacebroker_msg_vpn.newone",
            "solacebroker_msg_vpn_queue.q"
          ]
        }
      ]
    }
  ],
  "check_results": null
}
